
Microsoft Visual Studio Solution File, Format Version 12.00
# Visual Studio Version 17
VisualStudioVersion = 17.13.35605.110 d17.13
MinimumVisualStudioVersion = 10.0.40219.1
Project("{FAE04EC0-301F-11D3-BF4B-00C04F79EFBC}") = "BasicsAndDataTypes", "BasicsAndDataTypes.csproj", "{0AF73149-795F-4962-B212-B72237AF17FA}"
EndProject
Global
	GlobalSection(SolutionConfigurationPlatforms) = preSolution
		Debug|Any CPU = Debug|Any CPU
		Release|Any CPU = Release|Any CPU
	EndGlobalSection
	GlobalSection(ProjectConfigurationPlatforms) = postSolution
		{0AF73149-795F-4962-B212-B72237AF17FA}.Debug|Any CPU.ActiveCfg = Debug|Any CPU
		{0AF73149-795F-4962-B212-B72237AF17FA}.Debug|Any CPU.Build.0 = Debug|Any CPU
		{0AF73149-795F-4962-B212-B72237AF17FA}.Release|Any CPU.ActiveCfg = Release|Any CPU
		{0AF73149-795F-4962-B212-B72237AF17FA}.Release|Any CPU.Build.0 = Release|Any CPU
	EndGlobalSection
	GlobalSection(SolutionProperties) = preSolution
		HideSolutionNode = FALSE
	EndGlobalSection
	GlobalSection(ExtensibilityGlobals) = postSolution
		SolutionGuid = {A70371F4-2690-4006-9B9D-6AE50A38BC2E}
	EndGlobalSection
EndGlobal
