
Microsoft Visual Studio Solution File, Format Version 12.00
# Visual Studio Version 17
VisualStudioVersion = 17.12.35527.113
MinimumVisualStudioVersion = 10.0.40219.1
Project("{FAE04EC0-301F-11D3-BF4B-00C04F79EFBC}") = "01MVCBasics", "01MVCBasics\01MVCBasics.csproj", "{0ABE5FC7-6E2F-4717-ABEB-0A5316CAAE41}"
EndProject
Project("{FAE04EC0-301F-11D3-BF4B-00C04F79EFBC}") = "02DefaultController", "02DefaultController\02DefaultController.csproj", "{35D525DD-9588-4228-AB25-3199B5AACBB8}"
EndProject
Project("{FAE04EC0-301F-11D3-BF4B-00C04F79EFBC}") = "03AttributeBasedRouting", "03AttributeBasedRouting\03AttributeBasedRouting.csproj", "{917874E2-F990-4F26-A959-5FBFB25F71F1}"
EndProject
Project("{FAE04EC0-301F-11D3-BF4B-00C04F79EFBC}") = "04ActionMethodReturnTypes", "04ActionMethodReturnTypes\04ActionMethodReturnTypes.csproj", "{8D831C21-48D7-4676-9139-52656819586C}"
EndProject
Project("{FAE04EC0-301F-11D3-BF4B-00C04F79EFBC}") = "05ViewBagViewData", "05ViewBagViewData\05ViewBagViewData.csproj", "{80448617-E038-43F7-B779-7DDEAFA17FFF}"
EndProject
Project("{FAE04EC0-301F-11D3-BF4B-00C04F79EFBC}") = "06Views", "06Views\06Views.csproj", "{A7A5D4D1-AA24-4C8F-8FEB-3F9489668269}"
EndProject
Project("{FAE04EC0-301F-11D3-BF4B-00C04F79EFBC}") = "07ModelView", "07ModelView\07ModelView.csproj", "{0EDC7663-05DD-4865-87D8-9CB4D2EEB845}"
EndProject
Project("{FAE04EC0-301F-11D3-BF4B-00C04F79EFBC}") = "08LayoutPages", "08LayoutPages\08LayoutPages.csproj", "{A839DD49-9751-4EC9-8B7B-3D8C34F8FCF3}"
EndProject
Project("{FAE04EC0-301F-11D3-BF4B-00C04F79EFBC}") = "09ActionResultFilter", "09ActionResultFilter\09ActionResultFilter.csproj", "{8A0E9769-8C15-46BE-BF8C-EEAEB992A70E}"
EndProject
Project("{FAE04EC0-301F-11D3-BF4B-00C04F79EFBC}") = "10TagHelper", "10TagHelper\10TagHelper.csproj", "{9DF688AC-72BF-4C92-94EA-5B87D9CAEAF1}"
EndProject
Project("{FAE04EC0-301F-11D3-BF4B-00C04F79EFBC}") = "11Validation", "11Validation\11Validation.csproj", "{03E835BE-073E-4151-B0D3-2E1AFB448069}"
EndProject
Project("{FAE04EC0-301F-11D3-BF4B-00C04F79EFBC}") = "12PartialViews", "12PartialViews\12PartialViews.csproj", "{35846464-3A03-46E1-B5B3-C78492244E42}"
EndProject
Global
	GlobalSection(SolutionConfigurationPlatforms) = preSolution
		Debug|Any CPU = Debug|Any CPU
		Release|Any CPU = Release|Any CPU
	EndGlobalSection
	GlobalSection(ProjectConfigurationPlatforms) = postSolution
		{0ABE5FC7-6E2F-4717-ABEB-0A5316CAAE41}.Debug|Any CPU.ActiveCfg = Debug|Any CPU
		{0ABE5FC7-6E2F-4717-ABEB-0A5316CAAE41}.Debug|Any CPU.Build.0 = Debug|Any CPU
		{0ABE5FC7-6E2F-4717-ABEB-0A5316CAAE41}.Release|Any CPU.ActiveCfg = Release|Any CPU
		{0ABE5FC7-6E2F-4717-ABEB-0A5316CAAE41}.Release|Any CPU.Build.0 = Release|Any CPU
		{35D525DD-9588-4228-AB25-3199B5AACBB8}.Debug|Any CPU.ActiveCfg = Debug|Any CPU
		{35D525DD-9588-4228-AB25-3199B5AACBB8}.Debug|Any CPU.Build.0 = Debug|Any CPU
		{35D525DD-9588-4228-AB25-3199B5AACBB8}.Release|Any CPU.ActiveCfg = Release|Any CPU
		{35D525DD-9588-4228-AB25-3199B5AACBB8}.Release|Any CPU.Build.0 = Release|Any CPU
		{917874E2-F990-4F26-A959-5FBFB25F71F1}.Debug|Any CPU.ActiveCfg = Debug|Any CPU
		{917874E2-F990-4F26-A959-5FBFB25F71F1}.Debug|Any CPU.Build.0 = Debug|Any CPU
		{917874E2-F990-4F26-A959-5FBFB25F71F1}.Release|Any CPU.ActiveCfg = Release|Any CPU
		{917874E2-F990-4F26-A959-5FBFB25F71F1}.Release|Any CPU.Build.0 = Release|Any CPU
		{8D831C21-48D7-4676-9139-52656819586C}.Debug|Any CPU.ActiveCfg = Debug|Any CPU
		{8D831C21-48D7-4676-9139-52656819586C}.Debug|Any CPU.Build.0 = Debug|Any CPU
		{8D831C21-48D7-4676-9139-52656819586C}.Release|Any CPU.ActiveCfg = Release|Any CPU
		{8D831C21-48D7-4676-9139-52656819586C}.Release|Any CPU.Build.0 = Release|Any CPU
		{80448617-E038-43F7-B779-7DDEAFA17FFF}.Debug|Any CPU.ActiveCfg = Debug|Any CPU
		{80448617-E038-43F7-B779-7DDEAFA17FFF}.Debug|Any CPU.Build.0 = Debug|Any CPU
		{80448617-E038-43F7-B779-7DDEAFA17FFF}.Release|Any CPU.ActiveCfg = Release|Any CPU
		{80448617-E038-43F7-B779-7DDEAFA17FFF}.Release|Any CPU.Build.0 = Release|Any CPU
		{A7A5D4D1-AA24-4C8F-8FEB-3F9489668269}.Debug|Any CPU.ActiveCfg = Debug|Any CPU
		{A7A5D4D1-AA24-4C8F-8FEB-3F9489668269}.Debug|Any CPU.Build.0 = Debug|Any CPU
		{A7A5D4D1-AA24-4C8F-8FEB-3F9489668269}.Release|Any CPU.ActiveCfg = Release|Any CPU
		{A7A5D4D1-AA24-4C8F-8FEB-3F9489668269}.Release|Any CPU.Build.0 = Release|Any CPU
		{0EDC7663-05DD-4865-87D8-9CB4D2EEB845}.Debug|Any CPU.ActiveCfg = Debug|Any CPU
		{0EDC7663-05DD-4865-87D8-9CB4D2EEB845}.Debug|Any CPU.Build.0 = Debug|Any CPU
		{0EDC7663-05DD-4865-87D8-9CB4D2EEB845}.Release|Any CPU.ActiveCfg = Release|Any CPU
		{0EDC7663-05DD-4865-87D8-9CB4D2EEB845}.Release|Any CPU.Build.0 = Release|Any CPU
		{A839DD49-9751-4EC9-8B7B-3D8C34F8FCF3}.Debug|Any CPU.ActiveCfg = Debug|Any CPU
		{A839DD49-9751-4EC9-8B7B-3D8C34F8FCF3}.Debug|Any CPU.Build.0 = Debug|Any CPU
		{A839DD49-9751-4EC9-8B7B-3D8C34F8FCF3}.Release|Any CPU.ActiveCfg = Release|Any CPU
		{A839DD49-9751-4EC9-8B7B-3D8C34F8FCF3}.Release|Any CPU.Build.0 = Release|Any CPU
		{8A0E9769-8C15-46BE-BF8C-EEAEB992A70E}.Debug|Any CPU.ActiveCfg = Debug|Any CPU
		{8A0E9769-8C15-46BE-BF8C-EEAEB992A70E}.Debug|Any CPU.Build.0 = Debug|Any CPU
		{8A0E9769-8C15-46BE-BF8C-EEAEB992A70E}.Release|Any CPU.ActiveCfg = Release|Any CPU
		{8A0E9769-8C15-46BE-BF8C-EEAEB992A70E}.Release|Any CPU.Build.0 = Release|Any CPU
		{9DF688AC-72BF-4C92-94EA-5B87D9CAEAF1}.Debug|Any CPU.ActiveCfg = Debug|Any CPU
		{9DF688AC-72BF-4C92-94EA-5B87D9CAEAF1}.Debug|Any CPU.Build.0 = Debug|Any CPU
		{9DF688AC-72BF-4C92-94EA-5B87D9CAEAF1}.Release|Any CPU.ActiveCfg = Release|Any CPU
		{9DF688AC-72BF-4C92-94EA-5B87D9CAEAF1}.Release|Any CPU.Build.0 = Release|Any CPU
		{03E835BE-073E-4151-B0D3-2E1AFB448069}.Debug|Any CPU.ActiveCfg = Debug|Any CPU
		{03E835BE-073E-4151-B0D3-2E1AFB448069}.Debug|Any CPU.Build.0 = Debug|Any CPU
		{03E835BE-073E-4151-B0D3-2E1AFB448069}.Release|Any CPU.ActiveCfg = Release|Any CPU
		{03E835BE-073E-4151-B0D3-2E1AFB448069}.Release|Any CPU.Build.0 = Release|Any CPU
		{35846464-3A03-46E1-B5B3-C78492244E42}.Debug|Any CPU.ActiveCfg = Debug|Any CPU
		{35846464-3A03-46E1-B5B3-C78492244E42}.Debug|Any CPU.Build.0 = Debug|Any CPU
		{35846464-3A03-46E1-B5B3-C78492244E42}.Release|Any CPU.ActiveCfg = Release|Any CPU
		{35846464-3A03-46E1-B5B3-C78492244E42}.Release|Any CPU.Build.0 = Release|Any CPU
	EndGlobalSection
	GlobalSection(SolutionProperties) = preSolution
		HideSolutionNode = FALSE
	EndGlobalSection
EndGlobal
