
Microsoft Visual Studio Solution File, Format Version 12.00
# Visual Studio Version 17
VisualStudioVersion = 17.13.35605.110
MinimumVisualStudioVersion = 10.0.40219.1
Project("{FAE04EC0-301F-11D3-BF4B-00C04F79EFBC}") = "09OOPNotepad", "09OOPNotepad\09OOPNotepad.csproj", "{2C3FDBF3-DDB4-4FF3-BEAE-AACD3FCBD7BB}"
EndProject
Project("{FAE04EC0-301F-11D3-BF4B-00C04F79EFBC}") = "10OOPProperties", "10OOPProperties\10OOPProperties.csproj", "{019A0880-E5B4-43C2-8A8A-742BC82FB0E6}"
EndProject
Project("{FAE04EC0-301F-11D3-BF4B-00C04F79EFBC}") = "12Delegate", "12Delegate\12Delegate.csproj", "{41711D67-D0E8-4014-8471-8BBE137396D8}"
EndProject
Project("{FAE04EC0-301F-11D3-BF4B-00C04F79EFBC}") = "13Events", "13Events\13Events.csproj", "{5A9C2492-A65D-4454-9D38-77B9CC34934E}"
EndProject
Project("{FAE04EC0-301F-11D3-BF4B-00C04F79EFBC}") = "14Collections", "14Collections\14Collections.csproj", "{36AB83FC-7251-4634-BCBF-482B161E1141}"
EndProject
Project("{FAE04EC0-301F-11D3-BF4B-00C04F79EFBC}") = "15GenericCollection", "GenericCollection\15GenericCollection.csproj", "{BD5DAA8E-AA6F-4880-8B3E-F0E120F81B94}"
EndProject
Project("{FAE04EC0-301F-11D3-BF4B-00C04F79EFBC}") = "16GenericCollection", "16GenericCollection\16GenericCollection.csproj", "{D0AA22B2-93D8-4641-A0FB-42D73DFB1183}"
EndProject
Project("{FAE04EC0-301F-11D3-BF4B-00C04F79EFBC}") = "17MyLib", "17_MyLib\17MyLib.csproj", "{95DDD5EF-EB0C-4BB6-BC73-937DB058650C}"
EndProject
Project("{FAE04EC0-301F-11D3-BF4B-00C04F79EFBC}") = "18HostForMyLib", "18_HostForMyLib\18HostForMyLib.csproj", "{AA6F6058-EA0A-485F-968A-22FCBC07E9F7}"
EndProject
Project("{FAE04EC0-301F-11D3-BF4B-00C04F79EFBC}") = "19File_IO_Serialization", "19File_IO_Serialization\19File_IO_Serialization.csproj", "{E9193A7A-AE9D-469F-AA57-23F4CD6282E4}"
EndProject
Project("{FAE04EC0-301F-11D3-BF4B-00C04F79EFBC}") = "20CMathLib", "20CMathLib\20CMathLib.csproj", "{0926A3F6-54C0-4B11-BC7B-471AB69E30D6}"
	ProjectSection(ProjectDependencies) = postProject
		{0EC1C97C-40D2-49F3-99A5-3C8A2C5E0493} = {0EC1C97C-40D2-49F3-99A5-3C8A2C5E0493}
	EndProjectSection
EndProject
Project("{FAE04EC0-301F-11D3-BF4B-00C04F79EFBC}") = "21Reflection", "21Reflection\21Reflection.csproj", "{0EC1C97C-40D2-49F3-99A5-3C8A2C5E0493}"
EndProject
Project("{FAE04EC0-301F-11D3-BF4B-00C04F79EFBC}") = "23DemoLib", "22_CompanyInfoLib\23DemoLib.csproj", "{9A29064C-A0D2-4F61-BCE3-B8124BC70EF5}"
EndProject
Project("{FAE04EC0-301F-11D3-BF4B-00C04F79EFBC}") = "22CompanyInfoLib", "22CompanyInfoLib\22CompanyInfoLib.csproj", "{1B325F98-9C07-47CA-8DA1-31E04D5B7FF4}"
EndProject
Global
	GlobalSection(SolutionConfigurationPlatforms) = preSolution
		Debug|Any CPU = Debug|Any CPU
		Release|Any CPU = Release|Any CPU
	EndGlobalSection
	GlobalSection(ProjectConfigurationPlatforms) = postSolution
		{2C3FDBF3-DDB4-4FF3-BEAE-AACD3FCBD7BB}.Debug|Any CPU.ActiveCfg = Debug|Any CPU
		{2C3FDBF3-DDB4-4FF3-BEAE-AACD3FCBD7BB}.Debug|Any CPU.Build.0 = Debug|Any CPU
		{2C3FDBF3-DDB4-4FF3-BEAE-AACD3FCBD7BB}.Release|Any CPU.ActiveCfg = Release|Any CPU
		{2C3FDBF3-DDB4-4FF3-BEAE-AACD3FCBD7BB}.Release|Any CPU.Build.0 = Release|Any CPU
		{019A0880-E5B4-43C2-8A8A-742BC82FB0E6}.Debug|Any CPU.ActiveCfg = Debug|Any CPU
		{019A0880-E5B4-43C2-8A8A-742BC82FB0E6}.Debug|Any CPU.Build.0 = Debug|Any CPU
		{019A0880-E5B4-43C2-8A8A-742BC82FB0E6}.Release|Any CPU.ActiveCfg = Release|Any CPU
		{019A0880-E5B4-43C2-8A8A-742BC82FB0E6}.Release|Any CPU.Build.0 = Release|Any CPU
		{41711D67-D0E8-4014-8471-8BBE137396D8}.Debug|Any CPU.ActiveCfg = Debug|Any CPU
		{41711D67-D0E8-4014-8471-8BBE137396D8}.Debug|Any CPU.Build.0 = Debug|Any CPU
		{41711D67-D0E8-4014-8471-8BBE137396D8}.Release|Any CPU.ActiveCfg = Release|Any CPU
		{41711D67-D0E8-4014-8471-8BBE137396D8}.Release|Any CPU.Build.0 = Release|Any CPU
		{5A9C2492-A65D-4454-9D38-77B9CC34934E}.Debug|Any CPU.ActiveCfg = Debug|Any CPU
		{5A9C2492-A65D-4454-9D38-77B9CC34934E}.Debug|Any CPU.Build.0 = Debug|Any CPU
		{5A9C2492-A65D-4454-9D38-77B9CC34934E}.Release|Any CPU.ActiveCfg = Release|Any CPU
		{5A9C2492-A65D-4454-9D38-77B9CC34934E}.Release|Any CPU.Build.0 = Release|Any CPU
		{36AB83FC-7251-4634-BCBF-482B161E1141}.Debug|Any CPU.ActiveCfg = Debug|Any CPU
		{36AB83FC-7251-4634-BCBF-482B161E1141}.Debug|Any CPU.Build.0 = Debug|Any CPU
		{36AB83FC-7251-4634-BCBF-482B161E1141}.Release|Any CPU.ActiveCfg = Release|Any CPU
		{36AB83FC-7251-4634-BCBF-482B161E1141}.Release|Any CPU.Build.0 = Release|Any CPU
		{BD5DAA8E-AA6F-4880-8B3E-F0E120F81B94}.Debug|Any CPU.ActiveCfg = Debug|Any CPU
		{BD5DAA8E-AA6F-4880-8B3E-F0E120F81B94}.Debug|Any CPU.Build.0 = Debug|Any CPU
		{BD5DAA8E-AA6F-4880-8B3E-F0E120F81B94}.Release|Any CPU.ActiveCfg = Release|Any CPU
		{BD5DAA8E-AA6F-4880-8B3E-F0E120F81B94}.Release|Any CPU.Build.0 = Release|Any CPU
		{D0AA22B2-93D8-4641-A0FB-42D73DFB1183}.Debug|Any CPU.ActiveCfg = Debug|Any CPU
		{D0AA22B2-93D8-4641-A0FB-42D73DFB1183}.Debug|Any CPU.Build.0 = Debug|Any CPU
		{D0AA22B2-93D8-4641-A0FB-42D73DFB1183}.Release|Any CPU.ActiveCfg = Release|Any CPU
		{D0AA22B2-93D8-4641-A0FB-42D73DFB1183}.Release|Any CPU.Build.0 = Release|Any CPU
		{95DDD5EF-EB0C-4BB6-BC73-937DB058650C}.Debug|Any CPU.ActiveCfg = Debug|Any CPU
		{95DDD5EF-EB0C-4BB6-BC73-937DB058650C}.Debug|Any CPU.Build.0 = Debug|Any CPU
		{95DDD5EF-EB0C-4BB6-BC73-937DB058650C}.Release|Any CPU.ActiveCfg = Release|Any CPU
		{95DDD5EF-EB0C-4BB6-BC73-937DB058650C}.Release|Any CPU.Build.0 = Release|Any CPU
		{AA6F6058-EA0A-485F-968A-22FCBC07E9F7}.Debug|Any CPU.ActiveCfg = Debug|Any CPU
		{AA6F6058-EA0A-485F-968A-22FCBC07E9F7}.Debug|Any CPU.Build.0 = Debug|Any CPU
		{AA6F6058-EA0A-485F-968A-22FCBC07E9F7}.Release|Any CPU.ActiveCfg = Release|Any CPU
		{AA6F6058-EA0A-485F-968A-22FCBC07E9F7}.Release|Any CPU.Build.0 = Release|Any CPU
		{E9193A7A-AE9D-469F-AA57-23F4CD6282E4}.Debug|Any CPU.ActiveCfg = Debug|Any CPU
		{E9193A7A-AE9D-469F-AA57-23F4CD6282E4}.Debug|Any CPU.Build.0 = Debug|Any CPU
		{E9193A7A-AE9D-469F-AA57-23F4CD6282E4}.Release|Any CPU.ActiveCfg = Release|Any CPU
		{E9193A7A-AE9D-469F-AA57-23F4CD6282E4}.Release|Any CPU.Build.0 = Release|Any CPU
		{0926A3F6-54C0-4B11-BC7B-471AB69E30D6}.Debug|Any CPU.ActiveCfg = Debug|Any CPU
		{0926A3F6-54C0-4B11-BC7B-471AB69E30D6}.Debug|Any CPU.Build.0 = Debug|Any CPU
		{0926A3F6-54C0-4B11-BC7B-471AB69E30D6}.Release|Any CPU.ActiveCfg = Release|Any CPU
		{0926A3F6-54C0-4B11-BC7B-471AB69E30D6}.Release|Any CPU.Build.0 = Release|Any CPU
		{0EC1C97C-40D2-49F3-99A5-3C8A2C5E0493}.Debug|Any CPU.ActiveCfg = Debug|Any CPU
		{0EC1C97C-40D2-49F3-99A5-3C8A2C5E0493}.Debug|Any CPU.Build.0 = Debug|Any CPU
		{0EC1C97C-40D2-49F3-99A5-3C8A2C5E0493}.Release|Any CPU.ActiveCfg = Release|Any CPU
		{0EC1C97C-40D2-49F3-99A5-3C8A2C5E0493}.Release|Any CPU.Build.0 = Release|Any CPU
		{9A29064C-A0D2-4F61-BCE3-B8124BC70EF5}.Debug|Any CPU.ActiveCfg = Debug|Any CPU
		{9A29064C-A0D2-4F61-BCE3-B8124BC70EF5}.Debug|Any CPU.Build.0 = Debug|Any CPU
		{9A29064C-A0D2-4F61-BCE3-B8124BC70EF5}.Release|Any CPU.ActiveCfg = Release|Any CPU
		{9A29064C-A0D2-4F61-BCE3-B8124BC70EF5}.Release|Any CPU.Build.0 = Release|Any CPU
		{1B325F98-9C07-47CA-8DA1-31E04D5B7FF4}.Debug|Any CPU.ActiveCfg = Debug|Any CPU
		{1B325F98-9C07-47CA-8DA1-31E04D5B7FF4}.Debug|Any CPU.Build.0 = Debug|Any CPU
		{1B325F98-9C07-47CA-8DA1-31E04D5B7FF4}.Release|Any CPU.ActiveCfg = Release|Any CPU
		{1B325F98-9C07-47CA-8DA1-31E04D5B7FF4}.Release|Any CPU.Build.0 = Release|Any CPU
	EndGlobalSection
	GlobalSection(SolutionProperties) = preSolution
		HideSolutionNode = FALSE
	EndGlobalSection
	GlobalSection(ExtensibilityGlobals) = postSolution
		SolutionGuid = {78D96496-8272-40A3-BA5A-FBDA8BD928F3}
	EndGlobalSection
EndGlobal
