
Microsoft Visual Studio Solution File, Format Version 12.00
# Visual Studio Version 17
VisualStudioVersion = 17.13.35605.110
MinimumVisualStudioVersion = 10.0.40219.1
Project("{FAE04EC0-301F-11D3-BF4B-00C04F79EFBC}") = "09OOPNotepad", "09OOPNotepad\09OOPNotepad.csproj", "{2C3FDBF3-DDB4-4FF3-BEAE-AACD3FCBD7BB}"
EndProject
Project("{FAE04EC0-301F-11D3-BF4B-00C04F79EFBC}") = "10OOPProperties", "10OOPProperties\10OOPProperties.csproj", "{019A0880-E5B4-43C2-8A8A-742BC82FB0E6}"
EndProject
Project("{FAE04EC0-301F-11D3-BF4B-00C04F79EFBC}") = "12Delegate", "12Delegate\12Delegate.csproj", "{41711D67-D0E8-4014-8471-8BBE137396D8}"
EndProject
Project("{FAE04EC0-301F-11D3-BF4B-00C04F79EFBC}") = "13Events", "13Events\13Events.csproj", "{5A9C2492-A65D-4454-9D38-77B9CC34934E}"
EndProject
Project("{FAE04EC0-301F-11D3-BF4B-00C04F79EFBC}") = "14Collections", "14Collections\14Collections.csproj", "{36AB83FC-7251-4634-BCBF-482B161E1141}"
EndProject
Project("{FAE04EC0-301F-11D3-BF4B-00C04F79EFBC}") = "18HostForMyLib", "18_HostForMyLib\18HostForMyLib.csproj", "{AA6F6058-EA0A-485F-968A-22FCBC07E9F7}"
EndProject
Project("{FAE04EC0-301F-11D3-BF4B-00C04F79EFBC}") = "19File_IO_Serialization", "19File_IO_Serialization\19File_IO_Serialization.csproj", "{E9193A7A-AE9D-469F-AA57-23F4CD6282E4}"
EndProject
Project("{FAE04EC0-301F-11D3-BF4B-00C04F79EFBC}") = "21Reflection", "21Reflection\21Reflection.csproj", "{0EC1C97C-40D2-49F3-99A5-3C8A2C5E0493}"
EndProject
Project("{FAE04EC0-301F-11D3-BF4B-00C04F79EFBC}") = "22CompanyInfoLib", "22CompanyInfoLib\22CompanyInfoLib.csproj", "{1B325F98-9C07-47CA-8DA1-31E04D5B7FF4}"
EndProject
Project("{FAE04EC0-301F-11D3-BF4B-00C04F79EFBC}") = "08OOPLogger", "08OOPLogger\08OOPLogger.csproj", "{F3097BCE-6525-4728-8879-63C55BDA82AC}"
EndProject
Project("{FAE04EC0-301F-11D3-BF4B-00C04F79EFBC}") = "07OOPAbstract", "07OOPAbstract\07OOPAbstract.csproj", "{1385F62F-118B-4B16-A9D9-5EE7B1F6C29F}"
EndProject
Project("{FAE04EC0-301F-11D3-BF4B-00C04F79EFBC}") = "06OOPInterface02", "06OOPInterface02\06OOPInterface02.csproj", "{9F767987-5AE5-4C01-89A1-0059C4DDB169}"
EndProject
Project("{FAE04EC0-301F-11D3-BF4B-00C04F79EFBC}") = "05OOPInterface", "05OOPInterface\05OOPInterface.csproj", "{034761D6-CC9E-4184-948C-DA12373024D4}"
EndProject
Project("{FAE04EC0-301F-11D3-BF4B-00C04F79EFBC}") = "04OOPBasics", "04OOPBasics\04OOPBasics.csproj", "{C8333016-35A5-4A9F-9079-F2054D8A1F4A}"
EndProject
Project("{FAE04EC0-301F-11D3-BF4B-00C04F79EFBC}") = "03BasicsAndDataTypes", "03BasicsAndDataTypes\03BasicsAndDataTypes.csproj", "{BDE93EBB-C3A8-440B-A13D-09917465E00A}"
EndProject
Project("{FAE04EC0-301F-11D3-BF4B-00C04F79EFBC}") = "02ConsoleApp2", "02CoreConsoleTemplate\02ConsoleApp2.csproj", "{4428A70A-1141-4913-9C6A-2F3422EA93D6}"
EndProject
Project("{FAE04EC0-301F-11D3-BF4B-00C04F79EFBC}") = "01StandardDotNetTemplate", "01StandardDotNetTemplate\01StandardDotNetTemplate.csproj", "{0B368B5D-59F5-4546-8BCF-7A3E97BA138F}"
EndProject
Project("{FAE04EC0-301F-11D3-BF4B-00C04F79EFBC}") = "17MyLib", "17MyLib\17MyLib.csproj", "{DC7D169C-16AA-43A1-B53D-4366117A1EFA}"
EndProject
Project("{FAE04EC0-301F-11D3-BF4B-00C04F79EFBC}") = "15Generic", "15GenericCollection\15Generic.csproj", "{F03E6D12-8B42-4AA2-896A-FF8BB91DB1B5}"
EndProject
Project("{FAE04EC0-301F-11D3-BF4B-00C04F79EFBC}") = "16GenericCollections", "16GenericCollections\16GenericCollections.csproj", "{5F180B64-A2B0-4773-83F2-5EB503238A43}"
EndProject
Project("{FAE04EC0-301F-11D3-BF4B-00C04F79EFBC}") = "23DemoLibr", "23DemoLibr\23DemoLibr.csproj", "{28436AD3-118E-4F41-83DE-E8387F94C54F}"
EndProject
Project("{FAE04EC0-301F-11D3-BF4B-00C04F79EFBC}") = "24CustomAttributeCompany", "24CompanyInfoLib\24CustomAttributeCompany.csproj", "{59EDFDE6-59BA-4200-BF5C-D49D4B3E4085}"
	ProjectSection(ProjectDependencies) = postProject
		{1B325F98-9C07-47CA-8DA1-31E04D5B7FF4} = {1B325F98-9C07-47CA-8DA1-31E04D5B7FF4}
		{28436AD3-118E-4F41-83DE-E8387F94C54F} = {28436AD3-118E-4F41-83DE-E8387F94C54F}
	EndProjectSection
EndProject
Project("{FAE04EC0-301F-11D3-BF4B-00C04F79EFBC}") = "25ReflectionCreateTable", "25ReflectionCreateTable\25ReflectionCreateTable.csproj", "{5F805A40-B194-4150-A4D9-FE496EE1B13B}"
EndProject
Project("{FAE04EC0-301F-11D3-BF4B-00C04F79EFBC}") = "26EmpLib", "26EmpLib\26EmpLib.csproj", "{0A41EDC2-A90C-47F8-BC82-AE82606BADDA}"
EndProject
Project("{FAE04EC0-301F-11D3-BF4B-00C04F79EFBC}") = "27DBAttributeLib", "27DBAttributeLib\27DBAttributeLib.csproj", "{BE23A5C4-3CCD-4C79-AEC2-F9CA4784F98A}"
EndProject
Project("{FAE04EC0-301F-11D3-BF4B-00C04F79EFBC}") = "28CSharpFeatures", "28CSharpFeatures\28CSharpFeatures.csproj", "{4578EFDD-94F9-4700-8EAB-7517925EF734}"
EndProject
Project("{FAE04EC0-301F-11D3-BF4B-00C04F79EFBC}") = "20CMathLib", "20CMathLib\20CMathLib.csproj", "{DCA2E943-CAEA-4EB0-9170-97BED166BFDF}"
EndProject
Project("{FAE04EC0-301F-11D3-BF4B-00C04F79EFBC}") = "29LinQ", "29LinQ\29LinQ.csproj", "{ED07B634-C0DB-4377-9CD9-3145ACDA1B95}"
EndProject
Project("{FAE04EC0-301F-11D3-BF4B-00C04F79EFBC}") = "31ConnectedArchitecture", "31ConnectedArchitecture\31ConnectedArchitecture.csproj", "{619EF357-907B-47F4-9D70-040DC85B2D63}"
EndProject
Project("{FAE04EC0-301F-11D3-BF4B-00C04F79EFBC}") = "32DisconnectedArch", "32DisconnectedArch\32DisconnectedArch.csproj", "{C909A70A-B2CF-4D1C-B71B-663AAAF0FB33}"
EndProject
Global
	GlobalSection(SolutionConfigurationPlatforms) = preSolution
		Debug|Any CPU = Debug|Any CPU
		Release|Any CPU = Release|Any CPU
	EndGlobalSection
	GlobalSection(ProjectConfigurationPlatforms) = postSolution
		{2C3FDBF3-DDB4-4FF3-BEAE-AACD3FCBD7BB}.Debug|Any CPU.ActiveCfg = Debug|Any CPU
		{2C3FDBF3-DDB4-4FF3-BEAE-AACD3FCBD7BB}.Debug|Any CPU.Build.0 = Debug|Any CPU
		{2C3FDBF3-DDB4-4FF3-BEAE-AACD3FCBD7BB}.Release|Any CPU.ActiveCfg = Release|Any CPU
		{2C3FDBF3-DDB4-4FF3-BEAE-AACD3FCBD7BB}.Release|Any CPU.Build.0 = Release|Any CPU
		{019A0880-E5B4-43C2-8A8A-742BC82FB0E6}.Debug|Any CPU.ActiveCfg = Debug|Any CPU
		{019A0880-E5B4-43C2-8A8A-742BC82FB0E6}.Debug|Any CPU.Build.0 = Debug|Any CPU
		{019A0880-E5B4-43C2-8A8A-742BC82FB0E6}.Release|Any CPU.ActiveCfg = Release|Any CPU
		{019A0880-E5B4-43C2-8A8A-742BC82FB0E6}.Release|Any CPU.Build.0 = Release|Any CPU
		{41711D67-D0E8-4014-8471-8BBE137396D8}.Debug|Any CPU.ActiveCfg = Debug|Any CPU
		{41711D67-D0E8-4014-8471-8BBE137396D8}.Debug|Any CPU.Build.0 = Debug|Any CPU
		{41711D67-D0E8-4014-8471-8BBE137396D8}.Release|Any CPU.ActiveCfg = Release|Any CPU
		{41711D67-D0E8-4014-8471-8BBE137396D8}.Release|Any CPU.Build.0 = Release|Any CPU
		{5A9C2492-A65D-4454-9D38-77B9CC34934E}.Debug|Any CPU.ActiveCfg = Debug|Any CPU
		{5A9C2492-A65D-4454-9D38-77B9CC34934E}.Debug|Any CPU.Build.0 = Debug|Any CPU
		{5A9C2492-A65D-4454-9D38-77B9CC34934E}.Release|Any CPU.ActiveCfg = Release|Any CPU
		{5A9C2492-A65D-4454-9D38-77B9CC34934E}.Release|Any CPU.Build.0 = Release|Any CPU
		{36AB83FC-7251-4634-BCBF-482B161E1141}.Debug|Any CPU.ActiveCfg = Debug|Any CPU
		{36AB83FC-7251-4634-BCBF-482B161E1141}.Debug|Any CPU.Build.0 = Debug|Any CPU
		{36AB83FC-7251-4634-BCBF-482B161E1141}.Release|Any CPU.ActiveCfg = Release|Any CPU
		{36AB83FC-7251-4634-BCBF-482B161E1141}.Release|Any CPU.Build.0 = Release|Any CPU
		{AA6F6058-EA0A-485F-968A-22FCBC07E9F7}.Debug|Any CPU.ActiveCfg = Debug|Any CPU
		{AA6F6058-EA0A-485F-968A-22FCBC07E9F7}.Debug|Any CPU.Build.0 = Debug|Any CPU
		{AA6F6058-EA0A-485F-968A-22FCBC07E9F7}.Release|Any CPU.ActiveCfg = Release|Any CPU
		{AA6F6058-EA0A-485F-968A-22FCBC07E9F7}.Release|Any CPU.Build.0 = Release|Any CPU
		{E9193A7A-AE9D-469F-AA57-23F4CD6282E4}.Debug|Any CPU.ActiveCfg = Debug|Any CPU
		{E9193A7A-AE9D-469F-AA57-23F4CD6282E4}.Debug|Any CPU.Build.0 = Debug|Any CPU
		{E9193A7A-AE9D-469F-AA57-23F4CD6282E4}.Release|Any CPU.ActiveCfg = Release|Any CPU
		{E9193A7A-AE9D-469F-AA57-23F4CD6282E4}.Release|Any CPU.Build.0 = Release|Any CPU
		{0EC1C97C-40D2-49F3-99A5-3C8A2C5E0493}.Debug|Any CPU.ActiveCfg = Debug|Any CPU
		{0EC1C97C-40D2-49F3-99A5-3C8A2C5E0493}.Debug|Any CPU.Build.0 = Debug|Any CPU
		{0EC1C97C-40D2-49F3-99A5-3C8A2C5E0493}.Release|Any CPU.ActiveCfg = Release|Any CPU
		{0EC1C97C-40D2-49F3-99A5-3C8A2C5E0493}.Release|Any CPU.Build.0 = Release|Any CPU
		{1B325F98-9C07-47CA-8DA1-31E04D5B7FF4}.Debug|Any CPU.ActiveCfg = Debug|Any CPU
		{1B325F98-9C07-47CA-8DA1-31E04D5B7FF4}.Debug|Any CPU.Build.0 = Debug|Any CPU
		{1B325F98-9C07-47CA-8DA1-31E04D5B7FF4}.Release|Any CPU.ActiveCfg = Release|Any CPU
		{1B325F98-9C07-47CA-8DA1-31E04D5B7FF4}.Release|Any CPU.Build.0 = Release|Any CPU
		{F3097BCE-6525-4728-8879-63C55BDA82AC}.Debug|Any CPU.ActiveCfg = Debug|Any CPU
		{F3097BCE-6525-4728-8879-63C55BDA82AC}.Debug|Any CPU.Build.0 = Debug|Any CPU
		{F3097BCE-6525-4728-8879-63C55BDA82AC}.Release|Any CPU.ActiveCfg = Release|Any CPU
		{F3097BCE-6525-4728-8879-63C55BDA82AC}.Release|Any CPU.Build.0 = Release|Any CPU
		{1385F62F-118B-4B16-A9D9-5EE7B1F6C29F}.Debug|Any CPU.ActiveCfg = Debug|Any CPU
		{1385F62F-118B-4B16-A9D9-5EE7B1F6C29F}.Debug|Any CPU.Build.0 = Debug|Any CPU
		{1385F62F-118B-4B16-A9D9-5EE7B1F6C29F}.Release|Any CPU.ActiveCfg = Release|Any CPU
		{1385F62F-118B-4B16-A9D9-5EE7B1F6C29F}.Release|Any CPU.Build.0 = Release|Any CPU
		{9F767987-5AE5-4C01-89A1-0059C4DDB169}.Debug|Any CPU.ActiveCfg = Debug|Any CPU
		{9F767987-5AE5-4C01-89A1-0059C4DDB169}.Debug|Any CPU.Build.0 = Debug|Any CPU
		{9F767987-5AE5-4C01-89A1-0059C4DDB169}.Release|Any CPU.ActiveCfg = Release|Any CPU
		{9F767987-5AE5-4C01-89A1-0059C4DDB169}.Release|Any CPU.Build.0 = Release|Any CPU
		{034761D6-CC9E-4184-948C-DA12373024D4}.Debug|Any CPU.ActiveCfg = Debug|Any CPU
		{034761D6-CC9E-4184-948C-DA12373024D4}.Debug|Any CPU.Build.0 = Debug|Any CPU
		{034761D6-CC9E-4184-948C-DA12373024D4}.Release|Any CPU.ActiveCfg = Release|Any CPU
		{034761D6-CC9E-4184-948C-DA12373024D4}.Release|Any CPU.Build.0 = Release|Any CPU
		{C8333016-35A5-4A9F-9079-F2054D8A1F4A}.Debug|Any CPU.ActiveCfg = Debug|Any CPU
		{C8333016-35A5-4A9F-9079-F2054D8A1F4A}.Debug|Any CPU.Build.0 = Debug|Any CPU
		{C8333016-35A5-4A9F-9079-F2054D8A1F4A}.Release|Any CPU.ActiveCfg = Release|Any CPU
		{C8333016-35A5-4A9F-9079-F2054D8A1F4A}.Release|Any CPU.Build.0 = Release|Any CPU
		{BDE93EBB-C3A8-440B-A13D-09917465E00A}.Debug|Any CPU.ActiveCfg = Debug|Any CPU
		{BDE93EBB-C3A8-440B-A13D-09917465E00A}.Debug|Any CPU.Build.0 = Debug|Any CPU
		{BDE93EBB-C3A8-440B-A13D-09917465E00A}.Release|Any CPU.ActiveCfg = Release|Any CPU
		{BDE93EBB-C3A8-440B-A13D-09917465E00A}.Release|Any CPU.Build.0 = Release|Any CPU
		{4428A70A-1141-4913-9C6A-2F3422EA93D6}.Debug|Any CPU.ActiveCfg = Debug|Any CPU
		{4428A70A-1141-4913-9C6A-2F3422EA93D6}.Debug|Any CPU.Build.0 = Debug|Any CPU
		{4428A70A-1141-4913-9C6A-2F3422EA93D6}.Release|Any CPU.ActiveCfg = Release|Any CPU
		{4428A70A-1141-4913-9C6A-2F3422EA93D6}.Release|Any CPU.Build.0 = Release|Any CPU
		{0B368B5D-59F5-4546-8BCF-7A3E97BA138F}.Debug|Any CPU.ActiveCfg = Debug|Any CPU
		{0B368B5D-59F5-4546-8BCF-7A3E97BA138F}.Debug|Any CPU.Build.0 = Debug|Any CPU
		{0B368B5D-59F5-4546-8BCF-7A3E97BA138F}.Release|Any CPU.ActiveCfg = Release|Any CPU
		{0B368B5D-59F5-4546-8BCF-7A3E97BA138F}.Release|Any CPU.Build.0 = Release|Any CPU
		{DC7D169C-16AA-43A1-B53D-4366117A1EFA}.Debug|Any CPU.ActiveCfg = Debug|Any CPU
		{DC7D169C-16AA-43A1-B53D-4366117A1EFA}.Debug|Any CPU.Build.0 = Debug|Any CPU
		{DC7D169C-16AA-43A1-B53D-4366117A1EFA}.Release|Any CPU.ActiveCfg = Release|Any CPU
		{DC7D169C-16AA-43A1-B53D-4366117A1EFA}.Release|Any CPU.Build.0 = Release|Any CPU
		{F03E6D12-8B42-4AA2-896A-FF8BB91DB1B5}.Debug|Any CPU.ActiveCfg = Debug|Any CPU
		{F03E6D12-8B42-4AA2-896A-FF8BB91DB1B5}.Debug|Any CPU.Build.0 = Debug|Any CPU
		{F03E6D12-8B42-4AA2-896A-FF8BB91DB1B5}.Release|Any CPU.ActiveCfg = Release|Any CPU
		{F03E6D12-8B42-4AA2-896A-FF8BB91DB1B5}.Release|Any CPU.Build.0 = Release|Any CPU
		{5F180B64-A2B0-4773-83F2-5EB503238A43}.Debug|Any CPU.ActiveCfg = Debug|Any CPU
		{5F180B64-A2B0-4773-83F2-5EB503238A43}.Debug|Any CPU.Build.0 = Debug|Any CPU
		{5F180B64-A2B0-4773-83F2-5EB503238A43}.Release|Any CPU.ActiveCfg = Release|Any CPU
		{5F180B64-A2B0-4773-83F2-5EB503238A43}.Release|Any CPU.Build.0 = Release|Any CPU
		{28436AD3-118E-4F41-83DE-E8387F94C54F}.Debug|Any CPU.ActiveCfg = Debug|Any CPU
		{28436AD3-118E-4F41-83DE-E8387F94C54F}.Debug|Any CPU.Build.0 = Debug|Any CPU
		{28436AD3-118E-4F41-83DE-E8387F94C54F}.Release|Any CPU.ActiveCfg = Release|Any CPU
		{28436AD3-118E-4F41-83DE-E8387F94C54F}.Release|Any CPU.Build.0 = Release|Any CPU
		{59EDFDE6-59BA-4200-BF5C-D49D4B3E4085}.Debug|Any CPU.ActiveCfg = Debug|Any CPU
		{59EDFDE6-59BA-4200-BF5C-D49D4B3E4085}.Debug|Any CPU.Build.0 = Debug|Any CPU
		{59EDFDE6-59BA-4200-BF5C-D49D4B3E4085}.Release|Any CPU.ActiveCfg = Release|Any CPU
		{59EDFDE6-59BA-4200-BF5C-D49D4B3E4085}.Release|Any CPU.Build.0 = Release|Any CPU
		{5F805A40-B194-4150-A4D9-FE496EE1B13B}.Debug|Any CPU.ActiveCfg = Debug|Any CPU
		{5F805A40-B194-4150-A4D9-FE496EE1B13B}.Debug|Any CPU.Build.0 = Debug|Any CPU
		{5F805A40-B194-4150-A4D9-FE496EE1B13B}.Release|Any CPU.ActiveCfg = Release|Any CPU
		{5F805A40-B194-4150-A4D9-FE496EE1B13B}.Release|Any CPU.Build.0 = Release|Any CPU
		{0A41EDC2-A90C-47F8-BC82-AE82606BADDA}.Debug|Any CPU.ActiveCfg = Debug|Any CPU
		{0A41EDC2-A90C-47F8-BC82-AE82606BADDA}.Debug|Any CPU.Build.0 = Debug|Any CPU
		{0A41EDC2-A90C-47F8-BC82-AE82606BADDA}.Release|Any CPU.ActiveCfg = Release|Any CPU
		{0A41EDC2-A90C-47F8-BC82-AE82606BADDA}.Release|Any CPU.Build.0 = Release|Any CPU
		{BE23A5C4-3CCD-4C79-AEC2-F9CA4784F98A}.Debug|Any CPU.ActiveCfg = Debug|Any CPU
		{BE23A5C4-3CCD-4C79-AEC2-F9CA4784F98A}.Debug|Any CPU.Build.0 = Debug|Any CPU
		{BE23A5C4-3CCD-4C79-AEC2-F9CA4784F98A}.Release|Any CPU.ActiveCfg = Release|Any CPU
		{BE23A5C4-3CCD-4C79-AEC2-F9CA4784F98A}.Release|Any CPU.Build.0 = Release|Any CPU
		{4578EFDD-94F9-4700-8EAB-7517925EF734}.Debug|Any CPU.ActiveCfg = Debug|Any CPU
		{4578EFDD-94F9-4700-8EAB-7517925EF734}.Debug|Any CPU.Build.0 = Debug|Any CPU
		{4578EFDD-94F9-4700-8EAB-7517925EF734}.Release|Any CPU.ActiveCfg = Release|Any CPU
		{4578EFDD-94F9-4700-8EAB-7517925EF734}.Release|Any CPU.Build.0 = Release|Any CPU
		{DCA2E943-CAEA-4EB0-9170-97BED166BFDF}.Debug|Any CPU.ActiveCfg = Debug|Any CPU
		{DCA2E943-CAEA-4EB0-9170-97BED166BFDF}.Debug|Any CPU.Build.0 = Debug|Any CPU
		{DCA2E943-CAEA-4EB0-9170-97BED166BFDF}.Release|Any CPU.ActiveCfg = Release|Any CPU
		{DCA2E943-CAEA-4EB0-9170-97BED166BFDF}.Release|Any CPU.Build.0 = Release|Any CPU
		{ED07B634-C0DB-4377-9CD9-3145ACDA1B95}.Debug|Any CPU.ActiveCfg = Debug|Any CPU
		{ED07B634-C0DB-4377-9CD9-3145ACDA1B95}.Debug|Any CPU.Build.0 = Debug|Any CPU
		{ED07B634-C0DB-4377-9CD9-3145ACDA1B95}.Release|Any CPU.ActiveCfg = Release|Any CPU
		{ED07B634-C0DB-4377-9CD9-3145ACDA1B95}.Release|Any CPU.Build.0 = Release|Any CPU
		{619EF357-907B-47F4-9D70-040DC85B2D63}.Debug|Any CPU.ActiveCfg = Debug|Any CPU
		{619EF357-907B-47F4-9D70-040DC85B2D63}.Debug|Any CPU.Build.0 = Debug|Any CPU
		{619EF357-907B-47F4-9D70-040DC85B2D63}.Release|Any CPU.ActiveCfg = Release|Any CPU
		{619EF357-907B-47F4-9D70-040DC85B2D63}.Release|Any CPU.Build.0 = Release|Any CPU
		{C909A70A-B2CF-4D1C-B71B-663AAAF0FB33}.Debug|Any CPU.ActiveCfg = Debug|Any CPU
		{C909A70A-B2CF-4D1C-B71B-663AAAF0FB33}.Debug|Any CPU.Build.0 = Debug|Any CPU
		{C909A70A-B2CF-4D1C-B71B-663AAAF0FB33}.Release|Any CPU.ActiveCfg = Release|Any CPU
		{C909A70A-B2CF-4D1C-B71B-663AAAF0FB33}.Release|Any CPU.Build.0 = Release|Any CPU
	EndGlobalSection
	GlobalSection(SolutionProperties) = preSolution
		HideSolutionNode = FALSE
	EndGlobalSection
	GlobalSection(ExtensibilityGlobals) = postSolution
		SolutionGuid = {78D96496-8272-40A3-BA5A-FBDA8BD928F3}
	EndGlobalSection
EndGlobal
